
Microsoft Visual Studio Solution File, Format Version 11.00
# Visual Studio 2010
Project("{FAE04EC0-301F-11D3-BF4B-00C04F79EFBC}") = "MysqlClassGeneratorV2", "MysqlClassGeneratorV2\MysqlClassGeneratorV2.csproj", "{761C3D53-9F6D-40EC-8A13-031482D7C0B7}"
EndProject
Project("{FAE04EC0-301F-11D3-BF4B-00C04F79EFBC}") = "MysqlClassModellator", "MysqlClassModellator\MysqlClassModellator.csproj", "{1AA802F2-2554-42E4-A77A-C2A9F135E0C9}"
EndProject
Project("{FAE04EC0-301F-11D3-BF4B-00C04F79EFBC}") = "ClassModellator", "ClassModellator\ClassModellator.csproj", "{1280D7AD-3078-489B-9E11-7FCE1347D65D}"
EndProject
Project("{FAE04EC0-301F-11D3-BF4B-00C04F79EFBC}") = "ClassModellatorTest", "ClassModellatorTest\ClassModellatorTest.csproj", "{716CF9C6-D0D0-4FB9-AF15-CDBD0CB8ADCB}"
EndProject
Global
	GlobalSection(SolutionConfigurationPlatforms) = preSolution
		Debug|Any CPU = Debug|Any CPU
		Release|Any CPU = Release|Any CPU
	EndGlobalSection
	GlobalSection(ProjectConfigurationPlatforms) = postSolution
		{761C3D53-9F6D-40EC-8A13-031482D7C0B7}.Debug|Any CPU.ActiveCfg = Debug|Any CPU
		{761C3D53-9F6D-40EC-8A13-031482D7C0B7}.Debug|Any CPU.Build.0 = Debug|Any CPU
		{761C3D53-9F6D-40EC-8A13-031482D7C0B7}.Release|Any CPU.ActiveCfg = Release|Any CPU
		{761C3D53-9F6D-40EC-8A13-031482D7C0B7}.Release|Any CPU.Build.0 = Release|Any CPU
		{1AA802F2-2554-42E4-A77A-C2A9F135E0C9}.Debug|Any CPU.ActiveCfg = Debug|Any CPU
		{1AA802F2-2554-42E4-A77A-C2A9F135E0C9}.Debug|Any CPU.Build.0 = Debug|Any CPU
		{1AA802F2-2554-42E4-A77A-C2A9F135E0C9}.Release|Any CPU.ActiveCfg = Release|Any CPU
		{1AA802F2-2554-42E4-A77A-C2A9F135E0C9}.Release|Any CPU.Build.0 = Release|Any CPU
		{1280D7AD-3078-489B-9E11-7FCE1347D65D}.Debug|Any CPU.ActiveCfg = Debug|Any CPU
		{1280D7AD-3078-489B-9E11-7FCE1347D65D}.Debug|Any CPU.Build.0 = Debug|Any CPU
		{1280D7AD-3078-489B-9E11-7FCE1347D65D}.Release|Any CPU.ActiveCfg = Release|Any CPU
		{1280D7AD-3078-489B-9E11-7FCE1347D65D}.Release|Any CPU.Build.0 = Release|Any CPU
		{716CF9C6-D0D0-4FB9-AF15-CDBD0CB8ADCB}.Debug|Any CPU.ActiveCfg = Debug|Any CPU
		{716CF9C6-D0D0-4FB9-AF15-CDBD0CB8ADCB}.Debug|Any CPU.Build.0 = Debug|Any CPU
		{716CF9C6-D0D0-4FB9-AF15-CDBD0CB8ADCB}.Release|Any CPU.ActiveCfg = Release|Any CPU
		{716CF9C6-D0D0-4FB9-AF15-CDBD0CB8ADCB}.Release|Any CPU.Build.0 = Release|Any CPU
	EndGlobalSection
	GlobalSection(SolutionProperties) = preSolution
		HideSolutionNode = FALSE
	EndGlobalSection
EndGlobal
